
Microsoft Visual Studio Solution File, Format Version 12.00
# Visual Studio Version 17
VisualStudioVersion = 17.5.002.0
MinimumVisualStudioVersion = 10.0.40219.1
Project("{2150E333-8FDC-42A3-9474-1A3956D46DE8}") = "src", "src", "{9C617BE7-3B8B-4DFD-9E62-A0B1E9009ED2}"
EndProject
Project("{9A19103F-16F7-4668-BE54-9A1E7A4F7556}") = "JsonToCsharpPoco", "src\JsonToCsharpPoco\JsonToCsharpPoco.csproj", "{9FF43C0C-80D7-4D80-A651-9A8D5364CC41}"
EndProject
Project("{2150E333-8FDC-42A3-9474-1A3956D46DE8}") = "tests", "tests", "{F74BFB77-9F20-4E4C-A233-0BF44A810DFE}"
EndProject
Project("{FAE04EC0-301F-11D3-BF4B-00C04F79EFBC}") = "JsonToCsharpPocoTests", "tests\JsonToCsharpPocoTests\JsonToCsharpPocoTests.csproj", "{DE3128D9-A9FA-4C94-9119-F877E15D58A9}"
EndProject
Global
	GlobalSection(SolutionConfigurationPlatforms) = preSolution
		Debug|Any CPU = Debug|Any CPU
		Release|Any CPU = Release|Any CPU
	EndGlobalSection
	GlobalSection(ProjectConfigurationPlatforms) = postSolution
		{9FF43C0C-80D7-4D80-A651-9A8D5364CC41}.Debug|Any CPU.ActiveCfg = Debug|Any CPU
		{9FF43C0C-80D7-4D80-A651-9A8D5364CC41}.Debug|Any CPU.Build.0 = Debug|Any CPU
		{9FF43C0C-80D7-4D80-A651-9A8D5364CC41}.Release|Any CPU.ActiveCfg = Release|Any CPU
		{9FF43C0C-80D7-4D80-A651-9A8D5364CC41}.Release|Any CPU.Build.0 = Release|Any CPU
		{DE3128D9-A9FA-4C94-9119-F877E15D58A9}.Debug|Any CPU.ActiveCfg = Debug|Any CPU
		{DE3128D9-A9FA-4C94-9119-F877E15D58A9}.Debug|Any CPU.Build.0 = Debug|Any CPU
		{DE3128D9-A9FA-4C94-9119-F877E15D58A9}.Release|Any CPU.ActiveCfg = Release|Any CPU
		{DE3128D9-A9FA-4C94-9119-F877E15D58A9}.Release|Any CPU.Build.0 = Release|Any CPU
	EndGlobalSection
	GlobalSection(SolutionProperties) = preSolution
		HideSolutionNode = FALSE
	EndGlobalSection
	GlobalSection(NestedProjects) = preSolution
		{9FF43C0C-80D7-4D80-A651-9A8D5364CC41} = {9C617BE7-3B8B-4DFD-9E62-A0B1E9009ED2}
		{DE3128D9-A9FA-4C94-9119-F877E15D58A9} = {F74BFB77-9F20-4E4C-A233-0BF44A810DFE}
	EndGlobalSection
	GlobalSection(ExtensibilityGlobals) = postSolution
		SolutionGuid = {54017EB2-CF5F-4C03-85FD-661025D4C30A}
	EndGlobalSection
EndGlobal
